
Microsoft Visual Studio Solution File, Format Version 12.00
# Visual Studio 15
VisualStudioVersion = 15.0.27004.2010
MinimumVisualStudioVersion = 10.0.40219.1
Project("{FAE04EC0-301F-11D3-BF4B-00C04F79EFBC}") = "KeyEncryption", "nBitcoinBlockchainExamples\KeyEncryption.csproj", "{0311028B-CCEF-4542-8A9A-3922E730B6D2}"
EndProject
Project("{FAE04EC0-301F-11D3-BF4B-00C04F79EFBC}") = "BitcoinAddress", "BitcoinAddress\BitcoinAddress.csproj", "{BEBEB0D1-09D0-464F-B6DA-396A4528557C}"
EndProject
Project("{FAE04EC0-301F-11D3-BF4B-00C04F79EFBC}") = "ScriptPubKey", "ScriptPubKey\ScriptPubKey.csproj", "{37812C4C-6DF9-4B79-9C1E-046F3896E6BD}"
EndProject
Project("{FAE04EC0-301F-11D3-BF4B-00C04F79EFBC}") = "Transaction", "Transaction\Transaction.csproj", "{75F48F1E-D98B-4446-88E3-789979A0A8A0}"
EndProject
Project("{FAE04EC0-301F-11D3-BF4B-00C04F79EFBC}") = "SpendYourCoins", "SpendYourCoins\SpendYourCoins.csproj", "{4CCF185B-A032-4FD9-B84F-B0EFB2476664}"
EndProject
Project("{FAE04EC0-301F-11D3-BF4B-00C04F79EFBC}") = "ProofOfOwnership", "ProofOfOwnership\ProofOfOwnership.csproj", "{71061007-6F48-48D5-8F1F-7CD8BC6A001B}"
EndProject
Global
	GlobalSection(SolutionConfigurationPlatforms) = preSolution
		Debug|Any CPU = Debug|Any CPU
		Release|Any CPU = Release|Any CPU
	EndGlobalSection
	GlobalSection(ProjectConfigurationPlatforms) = postSolution
		{0311028B-CCEF-4542-8A9A-3922E730B6D2}.Debug|Any CPU.ActiveCfg = Debug|Any CPU
		{0311028B-CCEF-4542-8A9A-3922E730B6D2}.Debug|Any CPU.Build.0 = Debug|Any CPU
		{0311028B-CCEF-4542-8A9A-3922E730B6D2}.Release|Any CPU.ActiveCfg = Release|Any CPU
		{0311028B-CCEF-4542-8A9A-3922E730B6D2}.Release|Any CPU.Build.0 = Release|Any CPU
		{BEBEB0D1-09D0-464F-B6DA-396A4528557C}.Debug|Any CPU.ActiveCfg = Debug|Any CPU
		{BEBEB0D1-09D0-464F-B6DA-396A4528557C}.Debug|Any CPU.Build.0 = Debug|Any CPU
		{BEBEB0D1-09D0-464F-B6DA-396A4528557C}.Release|Any CPU.ActiveCfg = Release|Any CPU
		{BEBEB0D1-09D0-464F-B6DA-396A4528557C}.Release|Any CPU.Build.0 = Release|Any CPU
		{37812C4C-6DF9-4B79-9C1E-046F3896E6BD}.Debug|Any CPU.ActiveCfg = Debug|Any CPU
		{37812C4C-6DF9-4B79-9C1E-046F3896E6BD}.Debug|Any CPU.Build.0 = Debug|Any CPU
		{37812C4C-6DF9-4B79-9C1E-046F3896E6BD}.Release|Any CPU.ActiveCfg = Release|Any CPU
		{37812C4C-6DF9-4B79-9C1E-046F3896E6BD}.Release|Any CPU.Build.0 = Release|Any CPU
		{75F48F1E-D98B-4446-88E3-789979A0A8A0}.Debug|Any CPU.ActiveCfg = Debug|Any CPU
		{75F48F1E-D98B-4446-88E3-789979A0A8A0}.Debug|Any CPU.Build.0 = Debug|Any CPU
		{75F48F1E-D98B-4446-88E3-789979A0A8A0}.Release|Any CPU.ActiveCfg = Release|Any CPU
		{75F48F1E-D98B-4446-88E3-789979A0A8A0}.Release|Any CPU.Build.0 = Release|Any CPU
		{4CCF185B-A032-4FD9-B84F-B0EFB2476664}.Debug|Any CPU.ActiveCfg = Debug|Any CPU
		{4CCF185B-A032-4FD9-B84F-B0EFB2476664}.Debug|Any CPU.Build.0 = Debug|Any CPU
		{4CCF185B-A032-4FD9-B84F-B0EFB2476664}.Release|Any CPU.ActiveCfg = Release|Any CPU
		{4CCF185B-A032-4FD9-B84F-B0EFB2476664}.Release|Any CPU.Build.0 = Release|Any CPU
		{71061007-6F48-48D5-8F1F-7CD8BC6A001B}.Debug|Any CPU.ActiveCfg = Debug|Any CPU
		{71061007-6F48-48D5-8F1F-7CD8BC6A001B}.Debug|Any CPU.Build.0 = Debug|Any CPU
		{71061007-6F48-48D5-8F1F-7CD8BC6A001B}.Release|Any CPU.ActiveCfg = Release|Any CPU
		{71061007-6F48-48D5-8F1F-7CD8BC6A001B}.Release|Any CPU.Build.0 = Release|Any CPU
	EndGlobalSection
	GlobalSection(SolutionProperties) = preSolution
		HideSolutionNode = FALSE
	EndGlobalSection
	GlobalSection(ExtensibilityGlobals) = postSolution
		SolutionGuid = {CF9944AD-024F-4404-91AC-50AB37137C71}
	EndGlobalSection
EndGlobal
